
Microsoft Visual Studio Solution File, Format Version 12.00
# Visual Studio Version 17
VisualStudioVersion = 17.13.35828.75 d17.13
MinimumVisualStudioVersion = 10.0.40219.1
Project("{FAE04EC0-301F-11D3-BF4B-00C04F79EFBC}") = "ShoesFactory", "ShoesFactory.csproj", "{030B27C4-F80C-4FBA-93BA-3EBF96885170}"
EndProject
Global
	GlobalSection(SolutionConfigurationPlatforms) = preSolution
		Debug|Any CPU = Debug|Any CPU
		Release|Any CPU = Release|Any CPU
	EndGlobalSection
	GlobalSection(ProjectConfigurationPlatforms) = postSolution
		{030B27C4-F80C-4FBA-93BA-3EBF96885170}.Debug|Any CPU.ActiveCfg = Debug|Any CPU
		{030B27C4-F80C-4FBA-93BA-3EBF96885170}.Debug|Any CPU.Build.0 = Debug|Any CPU
		{030B27C4-F80C-4FBA-93BA-3EBF96885170}.Release|Any CPU.ActiveCfg = Release|Any CPU
		{030B27C4-F80C-4FBA-93BA-3EBF96885170}.Release|Any CPU.Build.0 = Release|Any CPU
	EndGlobalSection
	GlobalSection(SolutionProperties) = preSolution
		HideSolutionNode = FALSE
	EndGlobalSection
	GlobalSection(ExtensibilityGlobals) = postSolution
		SolutionGuid = {9F2C27E5-7EAE-4F56-95C5-E0630CE1B668}
	EndGlobalSection
EndGlobal
